
Microsoft Visual Studio Solution File, Format Version 12.00
# Visual Studio Version 17
VisualStudioVersion = 17.11.35327.3
MinimumVisualStudioVersion = 10.0.40219.1
Project("{8BC9CEB8-8B4A-11D0-8D11-00A0C91BC942}") = "HW09 (Register)", "HW09 (Register).vcxproj", "{1938531B-B841-49D6-9D11-E11FAEF1E76E}"
EndProject
Global
	GlobalSection(SolutionConfigurationPlatforms) = preSolution
		Debug|x64 = Debug|x64
		Debug|x86 = Debug|x86
		Release|x64 = Release|x64
		Release|x86 = Release|x86
	EndGlobalSection
	GlobalSection(ProjectConfigurationPlatforms) = postSolution
		{1938531B-B841-49D6-9D11-E11FAEF1E76E}.Debug|x64.ActiveCfg = Debug|x64
		{1938531B-B841-49D6-9D11-E11FAEF1E76E}.Debug|x64.Build.0 = Debug|x64
		{1938531B-B841-49D6-9D11-E11FAEF1E76E}.Debug|x86.ActiveCfg = Debug|Win32
		{1938531B-B841-49D6-9D11-E11FAEF1E76E}.Debug|x86.Build.0 = Debug|Win32
		{1938531B-B841-49D6-9D11-E11FAEF1E76E}.Release|x64.ActiveCfg = Release|x64
		{1938531B-B841-49D6-9D11-E11FAEF1E76E}.Release|x64.Build.0 = Release|x64
		{1938531B-B841-49D6-9D11-E11FAEF1E76E}.Release|x86.ActiveCfg = Release|Win32
		{1938531B-B841-49D6-9D11-E11FAEF1E76E}.Release|x86.Build.0 = Release|Win32
	EndGlobalSection
	GlobalSection(SolutionProperties) = preSolution
		HideSolutionNode = FALSE
	EndGlobalSection
	GlobalSection(ExtensibilityGlobals) = postSolution
		SolutionGuid = {B9E5BC7A-418D-4865-B1F6-9FF54366E243}
	EndGlobalSection
EndGlobal
