
Microsoft Visual Studio Solution File, Format Version 12.00
# Visual Studio Version 17
VisualStudioVersion = 17.11.35222.181
MinimumVisualStudioVersion = 10.0.40219.1
Project("{8BC9CEB8-8B4A-11D0-8D11-00A0C91BC942}") = "HW05 (Geometry)", "HW05 (Geometry).vcxproj", "{F3EC4D05-C126-4917-A600-7CE94DCA944B}"
EndProject
Global
	GlobalSection(SolutionConfigurationPlatforms) = preSolution
		Debug|x64 = Debug|x64
		Debug|x86 = Debug|x86
		Release|x64 = Release|x64
		Release|x86 = Release|x86
	EndGlobalSection
	GlobalSection(ProjectConfigurationPlatforms) = postSolution
		{F3EC4D05-C126-4917-A600-7CE94DCA944B}.Debug|x64.ActiveCfg = Debug|x64
		{F3EC4D05-C126-4917-A600-7CE94DCA944B}.Debug|x64.Build.0 = Debug|x64
		{F3EC4D05-C126-4917-A600-7CE94DCA944B}.Debug|x86.ActiveCfg = Debug|Win32
		{F3EC4D05-C126-4917-A600-7CE94DCA944B}.Debug|x86.Build.0 = Debug|Win32
		{F3EC4D05-C126-4917-A600-7CE94DCA944B}.Release|x64.ActiveCfg = Release|x64
		{F3EC4D05-C126-4917-A600-7CE94DCA944B}.Release|x64.Build.0 = Release|x64
		{F3EC4D05-C126-4917-A600-7CE94DCA944B}.Release|x86.ActiveCfg = Release|Win32
		{F3EC4D05-C126-4917-A600-7CE94DCA944B}.Release|x86.Build.0 = Release|Win32
	EndGlobalSection
	GlobalSection(SolutionProperties) = preSolution
		HideSolutionNode = FALSE
	EndGlobalSection
	GlobalSection(ExtensibilityGlobals) = postSolution
		SolutionGuid = {C4E65FB1-C5AC-4ECF-BFFF-976A1448CE72}
	EndGlobalSection
EndGlobal
