
Microsoft Visual Studio Solution File, Format Version 12.00
# Visual Studio Version 17
VisualStudioVersion = 17.11.35327.3
MinimumVisualStudioVersion = 10.0.40219.1
Project("{8BC9CEB8-8B4A-11D0-8D11-00A0C91BC942}") = "HW10 (Expander)", "HW10 (Expander).vcxproj", "{9885BD19-64FA-49AA-9F3C-CD5F2DE97A9A}"
EndProject
Global
	GlobalSection(SolutionConfigurationPlatforms) = preSolution
		Debug|x64 = Debug|x64
		Debug|x86 = Debug|x86
		Release|x64 = Release|x64
		Release|x86 = Release|x86
	EndGlobalSection
	GlobalSection(ProjectConfigurationPlatforms) = postSolution
		{9885BD19-64FA-49AA-9F3C-CD5F2DE97A9A}.Debug|x64.ActiveCfg = Debug|x64
		{9885BD19-64FA-49AA-9F3C-CD5F2DE97A9A}.Debug|x64.Build.0 = Debug|x64
		{9885BD19-64FA-49AA-9F3C-CD5F2DE97A9A}.Debug|x86.ActiveCfg = Debug|Win32
		{9885BD19-64FA-49AA-9F3C-CD5F2DE97A9A}.Debug|x86.Build.0 = Debug|Win32
		{9885BD19-64FA-49AA-9F3C-CD5F2DE97A9A}.Release|x64.ActiveCfg = Release|x64
		{9885BD19-64FA-49AA-9F3C-CD5F2DE97A9A}.Release|x64.Build.0 = Release|x64
		{9885BD19-64FA-49AA-9F3C-CD5F2DE97A9A}.Release|x86.ActiveCfg = Release|Win32
		{9885BD19-64FA-49AA-9F3C-CD5F2DE97A9A}.Release|x86.Build.0 = Release|Win32
	EndGlobalSection
	GlobalSection(SolutionProperties) = preSolution
		HideSolutionNode = FALSE
	EndGlobalSection
	GlobalSection(ExtensibilityGlobals) = postSolution
		SolutionGuid = {101374A1-99A0-4850-85B6-BA9A3DD43AF4}
	EndGlobalSection
EndGlobal
