
Microsoft Visual Studio Solution File, Format Version 12.00
# Visual Studio Version 17
VisualStudioVersion = 17.11.35222.181
MinimumVisualStudioVersion = 10.0.40219.1
Project("{8BC9CEB8-8B4A-11D0-8D11-00A0C91BC942}") = "HW04 (receipt)", "HW04 (receipt).vcxproj", "{5A4C6CD6-1532-4C67-B615-A583F8BA7098}"
EndProject
Global
	GlobalSection(SolutionConfigurationPlatforms) = preSolution
		Debug|x64 = Debug|x64
		Debug|x86 = Debug|x86
		Release|x64 = Release|x64
		Release|x86 = Release|x86
	EndGlobalSection
	GlobalSection(ProjectConfigurationPlatforms) = postSolution
		{5A4C6CD6-1532-4C67-B615-A583F8BA7098}.Debug|x64.ActiveCfg = Debug|x64
		{5A4C6CD6-1532-4C67-B615-A583F8BA7098}.Debug|x64.Build.0 = Debug|x64
		{5A4C6CD6-1532-4C67-B615-A583F8BA7098}.Debug|x86.ActiveCfg = Debug|Win32
		{5A4C6CD6-1532-4C67-B615-A583F8BA7098}.Debug|x86.Build.0 = Debug|Win32
		{5A4C6CD6-1532-4C67-B615-A583F8BA7098}.Release|x64.ActiveCfg = Release|x64
		{5A4C6CD6-1532-4C67-B615-A583F8BA7098}.Release|x64.Build.0 = Release|x64
		{5A4C6CD6-1532-4C67-B615-A583F8BA7098}.Release|x86.ActiveCfg = Release|Win32
		{5A4C6CD6-1532-4C67-B615-A583F8BA7098}.Release|x86.Build.0 = Release|Win32
	EndGlobalSection
	GlobalSection(SolutionProperties) = preSolution
		HideSolutionNode = FALSE
	EndGlobalSection
	GlobalSection(ExtensibilityGlobals) = postSolution
		SolutionGuid = {BEFAAD0B-AD80-4D96-9289-757152409438}
	EndGlobalSection
EndGlobal
